
Microsoft Visual Studio Solution File, Format Version 12.00
Project("{FAE04EC0-301F-11D3-BF4B-00C04F79EFBC}") = "NetSec.MVC", "NetSec.MVC\NetSec.MVC.csproj", "{81719520-4C98-4809-9BBC-AFFD75756BD3}"
EndProject
Global
	GlobalSection(SolutionConfigurationPlatforms) = preSolution
		Debug|Any CPU = Debug|Any CPU
		Release|Any CPU = Release|Any CPU
	EndGlobalSection
	GlobalSection(ProjectConfigurationPlatforms) = postSolution
		{81719520-4C98-4809-9BBC-AFFD75756BD3}.Debug|Any CPU.ActiveCfg = Debug|Any CPU
		{81719520-4C98-4809-9BBC-AFFD75756BD3}.Debug|Any CPU.Build.0 = Debug|Any CPU
		{81719520-4C98-4809-9BBC-AFFD75756BD3}.Release|Any CPU.ActiveCfg = Release|Any CPU
		{81719520-4C98-4809-9BBC-AFFD75756BD3}.Release|Any CPU.Build.0 = Release|Any CPU
	EndGlobalSection
EndGlobal
